// !$*UTF8*$!
{
	archiveVersion = 1;
	classes = {
	};
	objectVersion = 50;
	objects = {

/* Begin PBXBuildFile section */
		C6CFD5F722AEE8620025B642 /* AppDelegate.swift in Sources */ = {isa = PBXBuildFile; fileRef = C6CFD5F622AEE8620025B642 /* AppDelegate.swift */; };
		C6CFD5F922AEE8620025B642 /* ViewController.swift in Sources */ = {isa = PBXBuildFile; fileRef = C6CFD5F822AEE8620025B642 /* ViewController.swift */; };
		C6CFD5FC22AEE8620025B642 /* Main.storyboard in Resources */ = {isa = PBXBuildFile; fileRef = C6CFD5FA22AEE8620025B642 /* Main.storyboard */; };
		C6CFD5FE22AEE8630025B642 /* Assets.xcassets in Resources */ = {isa = PBXBuildFile; fileRef = C6CFD5FD22AEE8630025B642 /* Assets.xcassets */; };
		C6CFD60122AEE8630025B642 /* LaunchScreen.storyboard in Resources */ = {isa = PBXBuildFile; fileRef = C6CFD5FF22AEE8630025B642 /* LaunchScreen.storyboard */; };
		C6CFD60C22AEE8640025B642 /* FizzBuzzTests.swift in Sources */ = {isa = PBXBuildFile; fileRef = C6CFD60B22AEE8640025B642 /* FizzBuzzTests.swift */; };
		C6CFD61722AEE8640025B642 /* FizzBuzzUITests.swift in Sources */ = {isa = PBXBuildFile; fileRef = C6CFD61622AEE8640025B642 /* FizzBuzzUITests.swift */; };
/* End PBXBuildFile section */

/* Begin PBXContainerItemProxy section */
		C6CFD60822AEE8640025B642 /* PBXContainerItemProxy */ = {
			isa = PBXContainerItemProxy;
			containerPortal = C6CFD5EB22AEE8620025B642 /* Project object */;
			proxyType = 1;
			remoteGlobalIDString = C6CFD5F222AEE8620025B642;
			remoteInfo = FizzBuzz;
		};
		C6CFD61322AEE8640025B642 /* PBXContainerItemProxy */ = {
			isa = PBXContainerItemProxy;
			containerPortal = C6CFD5EB22AEE8620025B642 /* Project object */;
			proxyType = 1;
			remoteGlobalIDString = C6CFD5F222AEE8620025B642;
			remoteInfo = FizzBuzz;
		};
/* End PBXContainerItemProxy section */

/* Begin PBXFileReference section */
		C6CFD5F322AEE8620025B642 /* FizzBuzz.app */ = {isa = PBXFileReference; explicitFileType = wrapper.application; includeInIndex = 0; path = FizzBuzz.app; sourceTree = BUILT_PRODUCTS_DIR; };
		C6CFD5F622AEE8620025B642 /* AppDelegate.swift */ = {isa = PBXFileReference; lastKnownFileType = sourcecode.swift; path = AppDelegate.swift; sourceTree = "<group>"; };
		C6CFD5F822AEE8620025B642 /* ViewController.swift */ = {isa = PBXFileReference; lastKnownFileType = sourcecode.swift; path = ViewController.swift; sourceTree = "<group>"; };
		C6CFD5FB22AEE8620025B642 /* Base */ = {isa = PBXFileReference; lastKnownFileType = file.storyboard; name = Base; path = Base.lproj/Main.storyboard; sourceTree = "<group>"; };
		C6CFD5FD22AEE8630025B642 /* Assets.xcassets */ = {isa = PBXFileReference; lastKnownFileType = folder.assetcatalog; path = Assets.xcassets; sourceTree = "<group>"; };
		C6CFD60022AEE8630025B642 /* Base */ = {isa = PBXFileReference; lastKnownFileType = file.storyboard; name = Base; path = Base.lproj/LaunchScreen.storyboard; sourceTree = "<group>"; };
		C6CFD60222AEE8630025B642 /* Info.plist */ = {isa = PBXFileReference; lastKnownFileType = text.plist.xml; path = Info.plist; sourceTree = "<group>"; };
		C6CFD60722AEE8640025B642 /* FizzBuzzTests.xctest */ = {isa = PBXFileReference; explicitFileType = wrapper.cfbundle; includeInIndex = 0; path = FizzBuzzTests.xctest; sourceTree = BUILT_PRODUCTS_DIR; };
		C6CFD60B22AEE8640025B642 /* FizzBuzzTests.swift */ = {isa = PBXFileReference; lastKnownFileType = sourcecode.swift; path = FizzBuzzTests.swift; sourceTree = "<group>"; };
		C6CFD60D22AEE8640025B642 /* Info.plist */ = {isa = PBXFileReference; lastKnownFileType = text.plist.xml; path = Info.plist; sourceTree = "<group>"; };
		C6CFD61222AEE8640025B642 /* FizzBuzzUITests.xctest */ = {isa = PBXFileReference; explicitFileType = wrapper.cfbundle; includeInIndex = 0; path = FizzBuzzUITests.xctest; sourceTree = BUILT_PRODUCTS_DIR; };
		C6CFD61622AEE8640025B642 /* FizzBuzzUITests.swift */ = {isa = PBXFileReference; lastKnownFileType = sourcecode.swift; path = FizzBuzzUITests.swift; sourceTree = "<group>"; };
		C6CFD61822AEE8640025B642 /* Info.plist */ = {isa = PBXFileReference; lastKnownFileType = text.plist.xml; path = Info.plist; sourceTree = "<group>"; };
/* End PBXFileReference section */

/* Begin PBXFrameworksBuildPhase section */
		C6CFD5F022AEE8620025B642 /* Frameworks */ = {
			isa = PBXFrameworksBuildPhase;
			buildActionMask = 2147483647;
			files = (
			);
			runOnlyForDeploymentPostprocessing = 0;
		};
		C6CFD60422AEE8640025B642 /* Frameworks */ = {
			isa = PBXFrameworksBuildPhase;
			buildActionMask = 2147483647;
			files = (
			);
			runOnlyForDeploymentPostprocessing = 0;
		};
		C6CFD60F22AEE8640025B642 /* Frameworks */ = {
			isa = PBXFrameworksBuildPhase;
			buildActionMask = 2147483647;
			files = (
			);
			runOnlyForDeploymentPostprocessing = 0;
		};
/* End PBXFrameworksBuildPhase section */

/* Begin PBXGroup section */
		C6CFD5EA22AEE8620025B642 = {
			isa = PBXGroup;
			children = (
				C6CFD5F522AEE8620025B642 /* FizzBuzz */,
				C6CFD60A22AEE8640025B642 /* FizzBuzzTests */,
				C6CFD61522AEE8640025B642 /* FizzBuzzUITests */,
				C6CFD5F422AEE8620025B642 /* Products */,
			);
			sourceTree = "<group>";
		};
		C6CFD5F422AEE8620025B642 /* Products */ = {
			isa = PBXGroup;
			children = (
				C6CFD5F322AEE8620025B642 /* FizzBuzz.app */,
				C6CFD60722AEE8640025B642 /* FizzBuzzTests.xctest */,
				C6CFD61222AEE8640025B642 /* FizzBuzzUITests.xctest */,
			);
			name = Products;
			sourceTree = "<group>";
		};
		C6CFD5F522AEE8620025B642 /* FizzBuzz */ = {
			isa = PBXGroup;
			children = (
				C6CFD5F622AEE8620025B642 /* AppDelegate.swift */,
				C6CFD5F822AEE8620025B642 /* ViewController.swift */,
				C6CFD5FA22AEE8620025B642 /* Main.storyboard */,
				C6CFD5FD22AEE8630025B642 /* Assets.xcassets */,
				C6CFD5FF22AEE8630025B642 /* LaunchScreen.storyboard */,
				C6CFD60222AEE8630025B642 /* Info.plist */,
			);
			path = FizzBuzz;
			sourceTree = "<group>";
		};
		C6CFD60A22AEE8640025B642 /* FizzBuzzTests */ = {
			isa = PBXGroup;
			children = (
				C6CFD60B22AEE8640025B642 /* FizzBuzzTests.swift */,
				C6CFD60D22AEE8640025B642 /* Info.plist */,
			);
			path = FizzBuzzTests;
			sourceTree = "<group>";
		};
		C6CFD61522AEE8640025B642 /* FizzBuzzUITests */ = {
			isa = PBXGroup;
			children = (
				C6CFD61622AEE8640025B642 /* FizzBuzzUITests.swift */,
				C6CFD61822AEE8640025B642 /* Info.plist */,
			);
			path = FizzBuzzUITests;
			sourceTree = "<group>";
		};
/* End PBXGroup section */

/* Begin PBXNativeTarget section */
		C6CFD5F222AEE8620025B642 /* FizzBuzz */ = {
			isa = PBXNativeTarget;
			buildConfigurationList = C6CFD61B22AEE8640025B642 /* Build configuration list for PBXNativeTarget "FizzBuzz" */;
			buildPhases = (
				C6CFD5EF22AEE8620025B642 /* Sources */,
				C6CFD5F022AEE8620025B642 /* Frameworks */,
				C6CFD5F122AEE8620025B642 /* Resources */,
			);
			buildRules = (
			);
			dependencies = (
			);
			name = FizzBuzz;
			productName = FizzBuzz;
			productReference = C6CFD5F322AEE8620025B642 /* FizzBuzz.app */;
			productType = "com.apple.product-type.application";
		};
		C6CFD60622AEE8640025B642 /* FizzBuzzTests */ = {
			isa = PBXNativeTarget;
			buildConfigurationList = C6CFD61E22AEE8640025B642 /* Build configuration list for PBXNativeTarget "FizzBuzzTests" */;
			buildPhases = (
				C6CFD60322AEE8640025B642 /* Sources */,
				C6CFD60422AEE8640025B642 /* Frameworks */,
				C6CFD60522AEE8640025B642 /* Resources */,
			);
			buildRules = (
			);
			dependencies = (
				C6CFD60922AEE8640025B642 /* PBXTargetDependency */,
			);
			name = FizzBuzzTests;
			productName = FizzBuzzTests;
			productReference = C6CFD60722AEE8640025B642 /* FizzBuzzTests.xctest */;
			productType = "com.apple.product-type.bundle.unit-test";
		};
		C6CFD61122AEE8640025B642 /* FizzBuzzUITests */ = {
			isa = PBXNativeTarget;
			buildConfigurationList = C6CFD62122AEE8640025B642 /* Build configuration list for PBXNativeTarget "FizzBuzzUITests" */;
			buildPhases = (
				C6CFD60E22AEE8640025B642 /* Sources */,
				C6CFD60F22AEE8640025B642 /* Frameworks */,
				C6CFD61022AEE8640025B642 /* Resources */,
			);
			buildRules = (
			);
			dependencies = (
				C6CFD61422AEE8640025B642 /* PBXTargetDependency */,
			);
			name = FizzBuzzUITests;
			productName = FizzBuzzUITests;
			productReference = C6CFD61222AEE8640025B642 /* FizzBuzzUITests.xctest */;
			productType = "com.apple.product-type.bundle.ui-testing";
		};
/* End PBXNativeTarget section */

/* Begin PBXProject section */
		C6CFD5EB22AEE8620025B642 /* Project object */ = {
			isa = PBXProject;
			attributes = {
				LastSwiftUpdateCheck = 1010;
				LastUpgradeCheck = 1010;
				ORGANIZATIONNAME = SimonChenboYi;
				TargetAttributes = {
					C6CFD5F222AEE8620025B642 = {
						CreatedOnToolsVersion = 10.1;
					};
					C6CFD60622AEE8640025B642 = {
						CreatedOnToolsVersion = 10.1;
						TestTargetID = C6CFD5F222AEE8620025B642;
					};
					C6CFD61122AEE8640025B642 = {
						CreatedOnToolsVersion = 10.1;
						TestTargetID = C6CFD5F222AEE8620025B642;
					};
				};
			};
			buildConfigurationList = C6CFD5EE22AEE8620025B642 /* Build configuration list for PBXProject "FizzBuzz" */;
			compatibilityVersion = "Xcode 9.3";
			developmentRegion = en;
			hasScannedForEncodings = 0;
			knownRegions = (
				en,
				Base,
			);
			mainGroup = C6CFD5EA22AEE8620025B642;
			productRefGroup = C6CFD5F422AEE8620025B642 /* Products */;
			projectDirPath = "";
			projectRoot = "";
			targets = (
				C6CFD5F222AEE8620025B642 /* FizzBuzz */,
				C6CFD60622AEE8640025B642 /* FizzBuzzTests */,
				C6CFD61122AEE8640025B642 /* FizzBuzzUITests */,
			);
		};
/* End PBXProject section */

/* Begin PBXResourcesBuildPhase section */
		C6CFD5F122AEE8620025B642 /* Resources */ = {
			isa = PBXResourcesBuildPhase;
			buildActionMask = 2147483647;
			files = (
				C6CFD60122AEE8630025B642 /* LaunchScreen.storyboard in Resources */,
				C6CFD5FE22AEE8630025B642 /* Assets.xcassets in Resources */,
				C6CFD5FC22AEE8620025B642 /* Main.storyboard in Resources */,
			);
			runOnlyForDeploymentPostprocessing = 0;
		};
		C6CFD60522AEE8640025B642 /* Resources */ = {
			isa = PBXResourcesBuildPhase;
			buildActionMask = 2147483647;
			files = (
			);
			runOnlyForDeploymentPostprocessing = 0;
		};
		C6CFD61022AEE8640025B642 /* Resources */ = {
			isa = PBXResourcesBuildPhase;
			buildActionMask = 2147483647;
			files = (
			);
			runOnlyForDeploymentPostprocessing = 0;
		};
/* End PBXResourcesBuildPhase section */

/* Begin PBXSourcesBuildPhase section */
		C6CFD5EF22AEE8620025B642 /* Sources */ = {
			isa = PBXSourcesBuildPhase;
			buildActionMask = 2147483647;
			files = (
				C6CFD5F922AEE8620025B642 /* ViewController.swift in Sources */,
				C6CFD5F722AEE8620025B642 /* AppDelegate.swift in Sources */,
			);
			runOnlyForDeploymentPostprocessing = 0;
		};
		C6CFD60322AEE8640025B642 /* Sources */ = {
			isa = PBXSourcesBuildPhase;
			buildActionMask = 2147483647;
			files = (
				C6CFD60C22AEE8640025B642 /* FizzBuzzTests.swift in Sources */,
			);
			runOnlyForDeploymentPostprocessing = 0;
		};
		C6CFD60E22AEE8640025B642 /* Sources */ = {
			isa = PBXSourcesBuildPhase;
			buildActionMask = 2147483647;
			files = (
				C6CFD61722AEE8640025B642 /* FizzBuzzUITests.swift in Sources */,
			);
			runOnlyForDeploymentPostprocessing = 0;
		};
/* End PBXSourcesBuildPhase section */

/* Begin PBXTargetDependency section */
		C6CFD60922AEE8640025B642 /* PBXTargetDependency */ = {
			isa = PBXTargetDependency;
			target = C6CFD5F222AEE8620025B642 /* FizzBuzz */;
			targetProxy = C6CFD60822AEE8640025B642 /* PBXContainerItemProxy */;
		};
		C6CFD61422AEE8640025B642 /* PBXTargetDependency */ = {
			isa = PBXTargetDependency;
			target = C6CFD5F222AEE8620025B642 /* FizzBuzz */;
			targetProxy = C6CFD61322AEE8640025B642 /* PBXContainerItemProxy */;
		};
/* End PBXTargetDependency section */

/* Begin PBXVariantGroup section */
		C6CFD5FA22AEE8620025B642 /* Main.storyboard */ = {
			isa = PBXVariantGroup;
			children = (
				C6CFD5FB22AEE8620025B642 /* Base */,
			);
			name = Main.storyboard;
			sourceTree = "<group>";
		};
		C6CFD5FF22AEE8630025B642 /* LaunchScreen.storyboard */ = {
			isa = PBXVariantGroup;
			children = (
				C6CFD60022AEE8630025B642 /* Base */,
			);
			name = LaunchScreen.storyboard;
			sourceTree = "<group>";
		};
/* End PBXVariantGroup section */

/* Begin XCBuildConfiguration section */
		C6CFD61922AEE8640025B642 /* Debug */ = {
			isa = XCBuildConfiguration;
			buildSettings = {
				ALWAYS_SEARCH_USER_PATHS = NO;
				CLANG_ANALYZER_NONNULL = YES;
				CLANG_ANALYZER_NUMBER_OBJECT_CONVERSION = YES_AGGRESSIVE;
				CLANG_CXX_LANGUAGE_STANDARD = "gnu++14";
				CLANG_CXX_LIBRARY = "libc++";
				CLANG_ENABLE_MODULES = YES;
				CLANG_ENABLE_OBJC_ARC = YES;
				CLANG_ENABLE_OBJC_WEAK = YES;
				CLANG_WARN_BLOCK_CAPTURE_AUTORELEASING = YES;
				CLANG_WARN_BOOL_CONVERSION = YES;
				CLANG_WARN_COMMA = YES;
				CLANG_WARN_CONSTANT_CONVERSION = YES;
				CLANG_WARN_DEPRECATED_OBJC_IMPLEMENTATIONS = YES;
				CLANG_WARN_DIRECT_OBJC_ISA_USAGE = YES_ERROR;
				CLANG_WARN_DOCUMENTATION_COMMENTS = YES;
				CLANG_WARN_EMPTY_BODY = YES;
				CLANG_WARN_ENUM_CONVERSION = YES;
				CLANG_WARN_INFINITE_RECURSION = YES;
				CLANG_WARN_INT_CONVERSION = YES;
				CLANG_WARN_NON_LITERAL_NULL_CONVERSION = YES;
				CLANG_WARN_OBJC_IMPLICIT_RETAIN_SELF = YES;
				CLANG_WARN_OBJC_LITERAL_CONVERSION = YES;
				CLANG_WARN_OBJC_ROOT_CLASS = YES_ERROR;
				CLANG_WARN_RANGE_LOOP_ANALYSIS = YES;
				CLANG_WARN_STRICT_PROTOTYPES = YES;
				CLANG_WARN_SUSPICIOUS_MOVE = YES;
				CLANG_WARN_UNGUARDED_AVAILABILITY = YES_AGGRESSIVE;
				CLANG_WARN_UNREACHABLE_CODE = YES;
				CLANG_WARN__DUPLICATE_METHOD_MATCH = YES;
				CODE_SIGN_IDENTITY = "iPhone Developer";
				COPY_PHASE_STRIP = NO;
				DEBUG_INFORMATION_FORMAT = dwarf;
				ENABLE_STRICT_OBJC_MSGSEND = YES;
				ENABLE_TESTABILITY = YES;
				GCC_C_LANGUAGE_STANDARD = gnu11;
				GCC_DYNAMIC_NO_PIC = NO;
				GCC_NO_COMMON_BLOCKS = YES;
				GCC_OPTIMIZATION_LEVEL = 0;
				GCC_PREPROCESSOR_DEFINITIONS = (
					"DEBUG=1",
					"$(inherited)",
				);
				GCC_WARN_64_TO_32_BIT_CONVERSION = YES;
				GCC_WARN_ABOUT_RETURN_TYPE = YES_ERROR;
				GCC_WARN_UNDECLARED_SELECTOR = YES;
				GCC_WARN_UNINITIALIZED_AUTOS = YES_AGGRESSIVE;
				GCC_WARN_UNUSED_FUNCTION = YES;
				GCC_WARN_UNUSED_VARIABLE = YES;
				IPHONEOS_DEPLOYMENT_TARGET = 12.1;
				MTL_ENABLE_DEBUG_INFO = INCLUDE_SOURCE;
				MTL_FAST_MATH = YES;
				ONLY_ACTIVE_ARCH = YES;
				SDKROOT = iphoneos;
				SWIFT_ACTIVE_COMPILATION_CONDITIONS = DEBUG;
				SWIFT_OPTIMIZATION_LEVEL = "-Onone";
			};
			name = Debug;
		};
		C6CFD61A22AEE8640025B642 /* Release */ = {
			isa = XCBuildConfiguration;
			buildSettings = {
				ALWAYS_SEARCH_USER_PATHS = NO;
				CLANG_ANALYZER_NONNULL = YES;
				CLANG_ANALYZER_NUMBER_OBJECT_CONVERSION = YES_AGGRESSIVE;
				CLANG_CXX_LANGUAGE_STANDARD = "gnu++14";
				CLANG_CXX_LIBRARY = "libc++";
				CLANG_ENABLE_MODULES = YES;
				CLANG_ENABLE_OBJC_ARC = YES;
				CLANG_ENABLE_OBJC_WEAK = YES;
				CLANG_WARN_BLOCK_CAPTURE_AUTORELEASING = YES;
				CLANG_WARN_BOOL_CONVERSION = YES;
				CLANG_WARN_COMMA = YES;
				CLANG_WARN_CONSTANT_CONVERSION = YES;
				CLANG_WARN_DEPRECATED_OBJC_IMPLEMENTATIONS = YES;
				CLANG_WARN_DIRECT_OBJC_ISA_USAGE = YES_ERROR;
				CLANG_WARN_DOCUMENTATION_COMMENTS = YES;
				CLANG_WARN_EMPTY_BODY = YES;
				CLANG_WARN_ENUM_CONVERSION = YES;
				CLANG_WARN_INFINITE_RECURSION = YES;
				CLANG_WARN_INT_CONVERSION = YES;
				CLANG_WARN_NON_LITERAL_NULL_CONVERSION = YES;
				CLANG_WARN_OBJC_IMPLICIT_RETAIN_SELF = YES;
				CLANG_WARN_OBJC_LITERAL_CONVERSION = YES;
				CLANG_WARN_OBJC_ROOT_CLASS = YES_ERROR;
				CLANG_WARN_RANGE_LOOP_ANALYSIS = YES;
				CLANG_WARN_STRICT_PROTOTYPES = YES;
				CLANG_WARN_SUSPICIOUS_MOVE = YES;
				CLANG_WARN_UNGUARDED_AVAILABILITY = YES_AGGRESSIVE;
				CLANG_WARN_UNREACHABLE_CODE = YES;
				CLANG_WARN__DUPLICATE_METHOD_MATCH = YES;
				CODE_SIGN_IDENTITY = "iPhone Developer";
				COPY_PHASE_STRIP = NO;
				DEBUG_INFORMATION_FORMAT = "dwarf-with-dsym";
				ENABLE_NS_ASSERTIONS = NO;
				ENABLE_STRICT_OBJC_MSGSEND = YES;
				GCC_C_LANGUAGE_STANDARD = gnu11;
				GCC_NO_COMMON_BLOCKS = YES;
				GCC_WARN_64_TO_32_BIT_CONVERSION = YES;
				GCC_WARN_ABOUT_RETURN_TYPE = YES_ERROR;
				GCC_WARN_UNDECLARED_SELECTOR = YES;
				GCC_WARN_UNINITIALIZED_AUTOS = YES_AGGRESSIVE;
				GCC_WARN_UNUSED_FUNCTION = YES;
				GCC_WARN_UNUSED_VARIABLE = YES;
				IPHONEOS_DEPLOYMENT_TARGET = 12.1;
				MTL_ENABLE_DEBUG_INFO = NO;
				MTL_FAST_MATH = YES;
				SDKROOT = iphoneos;
				SWIFT_COMPILATION_MODE = wholemodule;
				SWIFT_OPTIMIZATION_LEVEL = "-O";
				VALIDATE_PRODUCT = YES;
			};
			name = Release;
		};
		C6CFD61C22AEE8640025B642 /* Debug */ = {
			isa = XCBuildConfiguration;
			buildSettings = {
				ASSETCATALOG_COMPILER_APPICON_NAME = AppIcon;
				CODE_SIGN_STYLE = Automatic;
				INFOPLIST_FILE = FizzBuzz/Info.plist;
				LD_RUNPATH_SEARCH_PATHS = (
					"$(inherited)",
					"@executable_path/Frameworks",
				);
				PRODUCT_BUNDLE_IDENTIFIER = com.SimonChenboYi.FizzBuzz;
				PRODUCT_NAME = "$(TARGET_NAME)";
				SWIFT_VERSION = 4.2;
				TARGETED_DEVICE_FAMILY = "1,2";
			};
			name = Debug;
		};
		C6CFD61D22AEE8640025B642 /* Release */ = {
			isa = XCBuildConfiguration;
			buildSettings = {
				ASSETCATALOG_COMPILER_APPICON_NAME = AppIcon;
				CODE_SIGN_STYLE = Automatic;
				INFOPLIST_FILE = FizzBuzz/Info.plist;
				LD_RUNPATH_SEARCH_PATHS = (
					"$(inherited)",
					"@executable_path/Frameworks",
				);
				PRODUCT_BUNDLE_IDENTIFIER = com.SimonChenboYi.FizzBuzz;
				PRODUCT_NAME = "$(TARGET_NAME)";
				SWIFT_VERSION = 4.2;
				TARGETED_DEVICE_FAMILY = "1,2";
			};
			name = Release;
		};
		C6CFD61F22AEE8640025B642 /* Debug */ = {
			isa = XCBuildConfiguration;
			buildSettings = {
				ALWAYS_EMBED_SWIFT_STANDARD_LIBRARIES = YES;
				BUNDLE_LOADER = "$(TEST_HOST)";
				CODE_SIGN_STYLE = Automatic;
				INFOPLIST_FILE = FizzBuzzTests/Info.plist;
				LD_RUNPATH_SEARCH_PATHS = (
					"$(inherited)",
					"@executable_path/Frameworks",
					"@loader_path/Frameworks",
				);
				PRODUCT_BUNDLE_IDENTIFIER = com.SimonChenboYi.FizzBuzzTests;
				PRODUCT_NAME = "$(TARGET_NAME)";
				SWIFT_VERSION = 4.2;
				TARGETED_DEVICE_FAMILY = "1,2";
				TEST_HOST = "$(BUILT_PRODUCTS_DIR)/FizzBuzz.app/FizzBuzz";
			};
			name = Debug;
		};
		C6CFD62022AEE8640025B642 /* Release */ = {
			isa = XCBuildConfiguration;
			buildSettings = {
				ALWAYS_EMBED_SWIFT_STANDARD_LIBRARIES = YES;
				BUNDLE_LOADER = "$(TEST_HOST)";
				CODE_SIGN_STYLE = Automatic;
				INFOPLIST_FILE = FizzBuzzTests/Info.plist;
				LD_RUNPATH_SEARCH_PATHS = (
					"$(inherited)",
					"@executable_path/Frameworks",
					"@loader_path/Frameworks",
				);
				PRODUCT_BUNDLE_IDENTIFIER = com.SimonChenboYi.FizzBuzzTests;
				PRODUCT_NAME = "$(TARGET_NAME)";
				SWIFT_VERSION = 4.2;
				TARGETED_DEVICE_FAMILY = "1,2";
				TEST_HOST = "$(BUILT_PRODUCTS_DIR)/FizzBuzz.app/FizzBuzz";
			};
			name = Release;
		};
		C6CFD62222AEE8640025B642 /* Debug */ = {
			isa = XCBuildConfiguration;
			buildSettings = {
				ALWAYS_EMBED_SWIFT_STANDARD_LIBRARIES = YES;
				CODE_SIGN_STYLE = Automatic;
				INFOPLIST_FILE = FizzBuzzUITests/Info.plist;
				LD_RUNPATH_SEARCH_PATHS = (
					"$(inherited)",
					"@executable_path/Frameworks",
					"@loader_path/Frameworks",
				);
				PRODUCT_BUNDLE_IDENTIFIER = com.SimonChenboYi.FizzBuzzUITests;
				PRODUCT_NAME = "$(TARGET_NAME)";
				SWIFT_VERSION = 4.2;
				TARGETED_DEVICE_FAMILY = "1,2";
				TEST_TARGET_NAME = FizzBuzz;
			};
			name = Debug;
		};
		C6CFD62322AEE8640025B642 /* Release */ = {
			isa = XCBuildConfiguration;
			buildSettings = {
				ALWAYS_EMBED_SWIFT_STANDARD_LIBRARIES = YES;
				CODE_SIGN_STYLE = Automatic;
				INFOPLIST_FILE = FizzBuzzUITests/Info.plist;
				LD_RUNPATH_SEARCH_PATHS = (
					"$(inherited)",
					"@executable_path/Frameworks",
					"@loader_path/Frameworks",
				);
				PRODUCT_BUNDLE_IDENTIFIER = com.SimonChenboYi.FizzBuzzUITests;
				PRODUCT_NAME = "$(TARGET_NAME)";
				SWIFT_VERSION = 4.2;
				TARGETED_DEVICE_FAMILY = "1,2";
				TEST_TARGET_NAME = FizzBuzz;
			};
			name = Release;
		};
/* End XCBuildConfiguration section */

/* Begin XCConfigurationList section */
		C6CFD5EE22AEE8620025B642 /* Build configuration list for PBXProject "FizzBuzz" */ = {
			isa = XCConfigurationList;
			buildConfigurations = (
				C6CFD61922AEE8640025B642 /* Debug */,
				C6CFD61A22AEE8640025B642 /* Release */,
			);
			defaultConfigurationIsVisible = 0;
			defaultConfigurationName = Release;
		};
		C6CFD61B22AEE8640025B642 /* Build configuration list for PBXNativeTarget "FizzBuzz" */ = {
			isa = XCConfigurationList;
			buildConfigurations = (
				C6CFD61C22AEE8640025B642 /* Debug */,
				C6CFD61D22AEE8640025B642 /* Release */,
			);
			defaultConfigurationIsVisible = 0;
			defaultConfigurationName = Release;
		};
		C6CFD61E22AEE8640025B642 /* Build configuration list for PBXNativeTarget "FizzBuzzTests" */ = {
			isa = XCConfigurationList;
			buildConfigurations = (
				C6CFD61F22AEE8640025B642 /* Debug */,
				C6CFD62022AEE8640025B642 /* Release */,
			);
			defaultConfigurationIsVisible = 0;
			defaultConfigurationName = Release;
		};
		C6CFD62122AEE8640025B642 /* Build configuration list for PBXNativeTarget "FizzBuzzUITests" */ = {
			isa = XCConfigurationList;
			buildConfigurations = (
				C6CFD62222AEE8640025B642 /* Debug */,
				C6CFD62322AEE8640025B642 /* Release */,
			);
			defaultConfigurationIsVisible = 0;
			defaultConfigurationName = Release;
		};
/* End XCConfigurationList section */
	};
	rootObject = C6CFD5EB22AEE8620025B642 /* Project object */;
}
